{
  "name": "just-one-more-stegano-js",
  "version": "1.0.0",
  "lockfileVersion": 1,
  "requires": true,
  "dependencies": {
    "lodash": {
      "version": "4.17.4",
      "resolved": "http://artifactory:8081/artifactory/api/npm/development-virtual-npm/lodash/-/lodash-4.17.4.tgz",
      "integrity": "sha1-eCA6TRwyiuHYbcpkYONptX9AVa4="
    },
    "pngjs": {
      "version": "3.3.1",
      "resolved": "http://artifactory:8081/artifactory/api/npm/development-virtual-npm/pngjs/-/pngjs-3.3.1.tgz",
      "integrity": "sha1-jhTmZ57nQktUQzTDstIc6m2MIJo="
    }
  }
}
